// !$*UTF8*$!
{
	archiveVersion = 1;
	classes = {
	};
	objectVersion = 55;
	objects = {

/* Begin PBXBuildFile section */
		070DE89427608885008B3F08 /* NSWindow.swift in Sources */ = {isa = PBXBuildFile; fileRef = 070DE89227608885008B3F08 /* NSWindow.swift */; };
		070DE8962760890B008B3F08 /* NewCommentView.swift in Sources */ = {isa = PBXBuildFile; fileRef = 070DE8952760890B008B3F08 /* NewCommentView.swift */; };
		070DE8972760890B008B3F08 /* NewCommentView.swift in Sources */ = {isa = PBXBuildFile; fileRef = 070DE8952760890B008B3F08 /* NewCommentView.swift */; };
		071C492B2754C6CD000D879B /* PreviewData.swift in Sources */ = {isa = PBXBuildFile; fileRef = 071C492A2754C6CD000D879B /* PreviewData.swift */; };
		071C492C2754C6CD000D879B /* PreviewData.swift in Sources */ = {isa = PBXBuildFile; fileRef = 071C492A2754C6CD000D879B /* PreviewData.swift */; };
		071C492E2754D15A000D879B /* StatusCommentsView.swift in Sources */ = {isa = PBXBuildFile; fileRef = 071C492D2754D15A000D879B /* StatusCommentsView.swift */; };
		071C492F2754D15A000D879B /* StatusCommentsView.swift in Sources */ = {isa = PBXBuildFile; fileRef = 071C492D2754D15A000D879B /* StatusCommentsView.swift */; };
		071C49312755BB35000D879B /* ImageReader.swift in Sources */ = {isa = PBXBuildFile; fileRef = 071C49302755BB35000D879B /* ImageReader.swift */; };
		071C49322755BB35000D879B /* ImageReader.swift in Sources */ = {isa = PBXBuildFile; fileRef = 071C49302755BB35000D879B /* ImageReader.swift */; };
		075BC88A275B294D00EAC204 /* LoginView.swift in Sources */ = {isa = PBXBuildFile; fileRef = 075BC889275B294D00EAC204 /* LoginView.swift */; };
		075BC88B275B294D00EAC204 /* LoginView.swift in Sources */ = {isa = PBXBuildFile; fileRef = 075BC889275B294D00EAC204 /* LoginView.swift */; };
		075BC88D275B5FA100EAC204 /* GCoresUserData.swift in Sources */ = {isa = PBXBuildFile; fileRef = 075BC88C275B5FA100EAC204 /* GCoresUserData.swift */; };
		075BC88E275B5FA100EAC204 /* GCoresUserData.swift in Sources */ = {isa = PBXBuildFile; fileRef = 075BC88C275B5FA100EAC204 /* GCoresUserData.swift */; };
		075BC893275C6F0B00EAC204 /* ProfileView.swift in Sources */ = {isa = PBXBuildFile; fileRef = 075BC892275C6F0B00EAC204 /* ProfileView.swift */; };
		075BC894275C6F0B00EAC204 /* ProfileView.swift in Sources */ = {isa = PBXBuildFile; fileRef = 075BC892275C6F0B00EAC204 /* ProfileView.swift */; };
		075BC89A275C83F400EAC204 /* ScenesView.swift in Sources */ = {isa = PBXBuildFile; fileRef = 075BC899275C83F400EAC204 /* ScenesView.swift */; };
		075BC89B275C83F400EAC204 /* ScenesView.swift in Sources */ = {isa = PBXBuildFile; fileRef = 075BC899275C83F400EAC204 /* ScenesView.swift */; };
		075BC89D275CD45900EAC204 /* GCoresFollowshipData.swift in Sources */ = {isa = PBXBuildFile; fileRef = 075BC89C275CD45900EAC204 /* GCoresFollowshipData.swift */; };
		075BC89E275CD45A00EAC204 /* GCoresFollowshipData.swift in Sources */ = {isa = PBXBuildFile; fileRef = 075BC89C275CD45900EAC204 /* GCoresFollowshipData.swift */; };
		075BC8A1275CF04900EAC204 /* StatusUserListView.swift in Sources */ = {isa = PBXBuildFile; fileRef = 075BC8A0275CF04900EAC204 /* StatusUserListView.swift */; };
		075BC8A2275CF04900EAC204 /* StatusUserListView.swift in Sources */ = {isa = PBXBuildFile; fileRef = 075BC8A0275CF04900EAC204 /* StatusUserListView.swift */; };
		075BC8A4275D16CA00EAC204 /* test.swift in Sources */ = {isa = PBXBuildFile; fileRef = 075BC8A3275D16CA00EAC204 /* test.swift */; };
		075BC8A5275D16CA00EAC204 /* test.swift in Sources */ = {isa = PBXBuildFile; fileRef = 075BC8A3275D16CA00EAC204 /* test.swift */; };
		075BC8AC275F43EB00EAC204 /* GCoresVoteData.swift in Sources */ = {isa = PBXBuildFile; fileRef = 075BC8AB275F43EB00EAC204 /* GCoresVoteData.swift */; };
		075BC8AD275F43EB00EAC204 /* GCoresVoteData.swift in Sources */ = {isa = PBXBuildFile; fileRef = 075BC8AB275F43EB00EAC204 /* GCoresVoteData.swift */; };
		0780F917275797A60062F9B7 /* GCoresTalkData.swift in Sources */ = {isa = PBXBuildFile; fileRef = 0780F916275797A60062F9B7 /* GCoresTalkData.swift */; };
		0780F918275797A60062F9B7 /* GCoresTalkData.swift in Sources */ = {isa = PBXBuildFile; fileRef = 0780F916275797A60062F9B7 /* GCoresTalkData.swift */; };
		0780F91A275797FC0062F9B7 /* GCoresCommentData.swift in Sources */ = {isa = PBXBuildFile; fileRef = 0780F919275797FC0062F9B7 /* GCoresCommentData.swift */; };
		0780F91B275797FC0062F9B7 /* GCoresCommentData.swift in Sources */ = {isa = PBXBuildFile; fileRef = 0780F919275797FC0062F9B7 /* GCoresCommentData.swift */; };
		0780F91D2757985C0062F9B7 /* GCoresData.swift in Sources */ = {isa = PBXBuildFile; fileRef = 0780F91C2757985C0062F9B7 /* GCoresData.swift */; };
		0780F91E2757985C0062F9B7 /* GCoresData.swift in Sources */ = {isa = PBXBuildFile; fileRef = 0780F91C2757985C0062F9B7 /* GCoresData.swift */; };
		0780F920275798940062F9B7 /* GCoresTopicData.swift in Sources */ = {isa = PBXBuildFile; fileRef = 0780F91F275798940062F9B7 /* GCoresTopicData.swift */; };
		0780F921275798940062F9B7 /* GCoresTopicData.swift in Sources */ = {isa = PBXBuildFile; fileRef = 0780F91F275798940062F9B7 /* GCoresTopicData.swift */; };
		0780F9232757E3A30062F9B7 /* ReadableScroller.swift in Sources */ = {isa = PBXBuildFile; fileRef = 0780F9222757E3A30062F9B7 /* ReadableScroller.swift */; };
		0780F9242757E3A30062F9B7 /* ReadableScroller.swift in Sources */ = {isa = PBXBuildFile; fileRef = 0780F9222757E3A30062F9B7 /* ReadableScroller.swift */; };
		0780F92C275A385F0062F9B7 /* StatusTopicsView.swift in Sources */ = {isa = PBXBuildFile; fileRef = 0780F92B275A385F0062F9B7 /* StatusTopicsView.swift */; };
		0780F92D275A385F0062F9B7 /* StatusTopicsView.swift in Sources */ = {isa = PBXBuildFile; fileRef = 0780F92B275A385F0062F9B7 /* StatusTopicsView.swift */; };
		0780F930275A53AE0062F9B7 /* StatusTopicTimelineView.swift in Sources */ = {isa = PBXBuildFile; fileRef = 0780F92F275A53AE0062F9B7 /* StatusTopicTimelineView.swift */; };
		0780F931275A53AE0062F9B7 /* StatusTopicTimelineView.swift in Sources */ = {isa = PBXBuildFile; fileRef = 0780F92F275A53AE0062F9B7 /* StatusTopicTimelineView.swift */; };
		079D086D276DD0B9008D78EA /* BlurView.swift in Sources */ = {isa = PBXBuildFile; fileRef = 079D086C276DD0B8008D78EA /* BlurView.swift */; };
		07A100F72754742C00D599D5 /* StatusTalksTimelineView.swift in Sources */ = {isa = PBXBuildFile; fileRef = 07A100F62754742B00D599D5 /* StatusTalksTimelineView.swift */; };
		07A100F9275474B900D599D5 /* ImageView.swift in Sources */ = {isa = PBXBuildFile; fileRef = 07A100F8275474B900D599D5 /* ImageView.swift */; };
		07A100FB2754750600D599D5 /* ComponentsView.swift in Sources */ = {isa = PBXBuildFile; fileRef = 07A100FA2754750600D599D5 /* ComponentsView.swift */; };
		07AE59F6274F5B0300FF9649 /* GCoresTalk.xcdatamodeld in Sources */ = {isa = PBXBuildFile; fileRef = 07AE59E3274F5AFF00FF9649 /* GCoresTalk.xcdatamodeld */; };
		07AE59F7274F5B0300FF9649 /* GCoresTalk.xcdatamodeld in Sources */ = {isa = PBXBuildFile; fileRef = 07AE59E3274F5AFF00FF9649 /* GCoresTalk.xcdatamodeld */; };
		07AE59F8274F5B0300FF9649 /* GCoresTalkApp.swift in Sources */ = {isa = PBXBuildFile; fileRef = 07AE59E5274F5AFF00FF9649 /* GCoresTalkApp.swift */; };
		07AE59F9274F5B0300FF9649 /* GCoresTalkApp.swift in Sources */ = {isa = PBXBuildFile; fileRef = 07AE59E5274F5AFF00FF9649 /* GCoresTalkApp.swift */; };
		07AE59FA274F5B0300FF9649 /* ContentView.swift in Sources */ = {isa = PBXBuildFile; fileRef = 07AE59E6274F5AFF00FF9649 /* ContentView.swift */; };
		07AE59FB274F5B0300FF9649 /* ContentView.swift in Sources */ = {isa = PBXBuildFile; fileRef = 07AE59E6274F5AFF00FF9649 /* ContentView.swift */; };
		07AE59FC274F5B0300FF9649 /* Persistence.swift in Sources */ = {isa = PBXBuildFile; fileRef = 07AE59E7274F5AFF00FF9649 /* Persistence.swift */; };
		07AE59FD274F5B0300FF9649 /* Persistence.swift in Sources */ = {isa = PBXBuildFile; fileRef = 07AE59E7274F5AFF00FF9649 /* Persistence.swift */; };
		07AE59FE274F5B0300FF9649 /* Assets.xcassets in Resources */ = {isa = PBXBuildFile; fileRef = 07AE59E8274F5B0300FF9649 /* Assets.xcassets */; };
		07AE59FF274F5B0300FF9649 /* Assets.xcassets in Resources */ = {isa = PBXBuildFile; fileRef = 07AE59E8274F5B0300FF9649 /* Assets.xcassets */; };
		07AE5A09274F5B7B00FF9649 /* GCoresTalk.swift in Sources */ = {isa = PBXBuildFile; fileRef = 07AE5A08274F5B7A00FF9649 /* GCoresTalk.swift */; };
		07AE5A0A274F5B7B00FF9649 /* GCoresTalk.swift in Sources */ = {isa = PBXBuildFile; fileRef = 07AE5A08274F5B7A00FF9649 /* GCoresTalk.swift */; };
		07AE5A0D274FD09A00FF9649 /* TalkCardView.swift in Sources */ = {isa = PBXBuildFile; fileRef = 07AE5A0B274FD09900FF9649 /* TalkCardView.swift */; };
		07AE5A0F2750B0A100FF9649 /* Lib.swift in Sources */ = {isa = PBXBuildFile; fileRef = 07AE5A0E2750B0A100FF9649 /* Lib.swift */; };
		07AE5A102750B0A100FF9649 /* Lib.swift in Sources */ = {isa = PBXBuildFile; fileRef = 07AE5A0E2750B0A100FF9649 /* Lib.swift */; };
		07AE5A122750F6F400FF9649 /* TalkModelData.swift in Sources */ = {isa = PBXBuildFile; fileRef = 07AE5A112750F6F300FF9649 /* TalkModelData.swift */; };
		07AE5A132750F6F400FF9649 /* TalkModelData.swift in Sources */ = {isa = PBXBuildFile; fileRef = 07AE5A112750F6F300FF9649 /* TalkModelData.swift */; };
		07EA77CF27819586000E4771 /* webview.swift in Sources */ = {isa = PBXBuildFile; fileRef = 07EA77CE27819586000E4771 /* webview.swift */; };
		07EA77D027819586000E4771 /* webview.swift in Sources */ = {isa = PBXBuildFile; fileRef = 07EA77CE27819586000E4771 /* webview.swift */; };
		07EE3C7F2762605500DC3A03 /* GCoresSearchResponse.swift in Sources */ = {isa = PBXBuildFile; fileRef = 07EE3C7E2762605500DC3A03 /* GCoresSearchResponse.swift */; };
		07EE3C802762605500DC3A03 /* GCoresSearchResponse.swift in Sources */ = {isa = PBXBuildFile; fileRef = 07EE3C7E2762605500DC3A03 /* GCoresSearchResponse.swift */; };
		07EE3C832762F87700DC3A03 /* SearchRersultsView.swift in Sources */ = {isa = PBXBuildFile; fileRef = 07EE3C812762F87700DC3A03 /* SearchRersultsView.swift */; };
		07EE3C8527631B5300DC3A03 /* NewTalkView.swift in Sources */ = {isa = PBXBuildFile; fileRef = 07EE3C8427631B5300DC3A03 /* NewTalkView.swift */; };
		07EE3C8627631B5300DC3A03 /* NewTalkView.swift in Sources */ = {isa = PBXBuildFile; fileRef = 07EE3C8427631B5300DC3A03 /* NewTalkView.swift */; };
		07FF7FF72767447A00674790 /* GCoresNotificationData.swift in Sources */ = {isa = PBXBuildFile; fileRef = 07FF7FF62767447A00674790 /* GCoresNotificationData.swift */; };
		07FF7FF82767447A00674790 /* GCoresNotificationData.swift in Sources */ = {isa = PBXBuildFile; fileRef = 07FF7FF62767447A00674790 /* GCoresNotificationData.swift */; };
		07FF7FFB27676A9900674790 /* StatusNotificationView.swift in Sources */ = {isa = PBXBuildFile; fileRef = 07FF7FFA27676A9900674790 /* StatusNotificationView.swift */; };
		07FF7FFC27676A9900674790 /* StatusNotificationView.swift in Sources */ = {isa = PBXBuildFile; fileRef = 07FF7FFA27676A9900674790 /* StatusNotificationView.swift */; };
		07FF7FFE276987E300674790 /* GCoresConstant.swift in Sources */ = {isa = PBXBuildFile; fileRef = 07FF7FFD276987E200674790 /* GCoresConstant.swift */; };
		07FF7FFF276987E300674790 /* GCoresConstant.swift in Sources */ = {isa = PBXBuildFile; fileRef = 07FF7FFD276987E200674790 /* GCoresConstant.swift */; };
/* End PBXBuildFile section */

/* Begin PBXFileReference section */
		070DE89227608885008B3F08 /* NSWindow.swift */ = {isa = PBXFileReference; lastKnownFileType = sourcecode.swift; path = NSWindow.swift; sourceTree = "<group>"; };
		070DE8952760890B008B3F08 /* NewCommentView.swift */ = {isa = PBXFileReference; lastKnownFileType = sourcecode.swift; path = NewCommentView.swift; sourceTree = "<group>"; };
		071C492A2754C6CD000D879B /* PreviewData.swift */ = {isa = PBXFileReference; lastKnownFileType = sourcecode.swift; path = PreviewData.swift; sourceTree = "<group>"; };
		071C492D2754D15A000D879B /* StatusCommentsView.swift */ = {isa = PBXFileReference; lastKnownFileType = sourcecode.swift; path = StatusCommentsView.swift; sourceTree = "<group>"; };
		071C49302755BB35000D879B /* ImageReader.swift */ = {isa = PBXFileReference; lastKnownFileType = sourcecode.swift; path = ImageReader.swift; sourceTree = "<group>"; };
		075BC889275B294D00EAC204 /* LoginView.swift */ = {isa = PBXFileReference; lastKnownFileType = sourcecode.swift; path = LoginView.swift; sourceTree = "<group>"; };
		075BC88C275B5FA100EAC204 /* GCoresUserData.swift */ = {isa = PBXFileReference; lastKnownFileType = sourcecode.swift; path = GCoresUserData.swift; sourceTree = "<group>"; };
		075BC892275C6F0B00EAC204 /* ProfileView.swift */ = {isa = PBXFileReference; lastKnownFileType = sourcecode.swift; path = ProfileView.swift; sourceTree = "<group>"; };
		075BC899275C83F400EAC204 /* ScenesView.swift */ = {isa = PBXFileReference; lastKnownFileType = sourcecode.swift; path = ScenesView.swift; sourceTree = "<group>"; };
		075BC89C275CD45900EAC204 /* GCoresFollowshipData.swift */ = {isa = PBXFileReference; lastKnownFileType = sourcecode.swift; path = GCoresFollowshipData.swift; sourceTree = "<group>"; };
		075BC8A0275CF04900EAC204 /* StatusUserListView.swift */ = {isa = PBXFileReference; lastKnownFileType = sourcecode.swift; path = StatusUserListView.swift; sourceTree = "<group>"; };
		075BC8A3275D16CA00EAC204 /* test.swift */ = {isa = PBXFileReference; lastKnownFileType = sourcecode.swift; path = test.swift; sourceTree = "<group>"; };
		075BC8AB275F43EB00EAC204 /* GCoresVoteData.swift */ = {isa = PBXFileReference; lastKnownFileType = sourcecode.swift; path = GCoresVoteData.swift; sourceTree = "<group>"; };
		0780F916275797A60062F9B7 /* GCoresTalkData.swift */ = {isa = PBXFileReference; lastKnownFileType = sourcecode.swift; path = GCoresTalkData.swift; sourceTree = "<group>"; };
		0780F919275797FC0062F9B7 /* GCoresCommentData.swift */ = {isa = PBXFileReference; lastKnownFileType = sourcecode.swift; path = GCoresCommentData.swift; sourceTree = "<group>"; };
		0780F91C2757985C0062F9B7 /* GCoresData.swift */ = {isa = PBXFileReference; lastKnownFileType = sourcecode.swift; path = GCoresData.swift; sourceTree = "<group>"; };
		0780F91F275798940062F9B7 /* GCoresTopicData.swift */ = {isa = PBXFileReference; lastKnownFileType = sourcecode.swift; path = GCoresTopicData.swift; sourceTree = "<group>"; };
		0780F9222757E3A30062F9B7 /* ReadableScroller.swift */ = {isa = PBXFileReference; lastKnownFileType = sourcecode.swift; path = ReadableScroller.swift; sourceTree = "<group>"; };
		0780F92B275A385F0062F9B7 /* StatusTopicsView.swift */ = {isa = PBXFileReference; lastKnownFileType = sourcecode.swift; path = StatusTopicsView.swift; sourceTree = "<group>"; };
		0780F92F275A53AE0062F9B7 /* StatusTopicTimelineView.swift */ = {isa = PBXFileReference; lastKnownFileType = sourcecode.swift; path = StatusTopicTimelineView.swift; sourceTree = "<group>"; };
		079D086C276DD0B8008D78EA /* BlurView.swift */ = {isa = PBXFileReference; lastKnownFileType = sourcecode.swift; path = BlurView.swift; sourceTree = "<group>"; };
		07A100F42753361600D599D5 /* GCoresTalk--macOS--Info.plist */ = {isa = PBXFileReference; lastKnownFileType = text.plist; path = "GCoresTalk--macOS--Info.plist"; sourceTree = "<group>"; };
		07A100F62754742B00D599D5 /* StatusTalksTimelineView.swift */ = {isa = PBXFileReference; lastKnownFileType = sourcecode.swift; path = StatusTalksTimelineView.swift; sourceTree = "<group>"; };
		07A100F8275474B900D599D5 /* ImageView.swift */ = {isa = PBXFileReference; lastKnownFileType = sourcecode.swift; path = ImageView.swift; sourceTree = "<group>"; };
		07A100FA2754750600D599D5 /* ComponentsView.swift */ = {isa = PBXFileReference; lastKnownFileType = sourcecode.swift; path = ComponentsView.swift; sourceTree = "<group>"; };
		07AE59E4274F5AFF00FF9649 /* Shared.xcdatamodel */ = {isa = PBXFileReference; lastKnownFileType = wrapper.xcdatamodel; path = Shared.xcdatamodel; sourceTree = "<group>"; };
		07AE59E5274F5AFF00FF9649 /* GCoresTalkApp.swift */ = {isa = PBXFileReference; lastKnownFileType = sourcecode.swift; path = GCoresTalkApp.swift; sourceTree = "<group>"; };
		07AE59E6274F5AFF00FF9649 /* ContentView.swift */ = {isa = PBXFileReference; lastKnownFileType = sourcecode.swift; path = ContentView.swift; sourceTree = "<group>"; };
		07AE59E7274F5AFF00FF9649 /* Persistence.swift */ = {isa = PBXFileReference; lastKnownFileType = sourcecode.swift; path = Persistence.swift; sourceTree = "<group>"; };
		07AE59E8274F5B0300FF9649 /* Assets.xcassets */ = {isa = PBXFileReference; lastKnownFileType = folder.assetcatalog; path = Assets.xcassets; sourceTree = "<group>"; };
		07AE59ED274F5B0300FF9649 /* GCoresTalk.app */ = {isa = PBXFileReference; explicitFileType = wrapper.application; includeInIndex = 0; path = GCoresTalk.app; sourceTree = BUILT_PRODUCTS_DIR; };
		07AE59F3274F5B0300FF9649 /* GCoresTalk.app */ = {isa = PBXFileReference; explicitFileType = wrapper.application; includeInIndex = 0; path = GCoresTalk.app; sourceTree = BUILT_PRODUCTS_DIR; };
		07AE59F5274F5B0300FF9649 /* macOS.entitlements */ = {isa = PBXFileReference; lastKnownFileType = text.plist.entitlements; path = macOS.entitlements; sourceTree = "<group>"; };
		07AE5A08274F5B7A00FF9649 /* GCoresTalk.swift */ = {isa = PBXFileReference; lastKnownFileType = sourcecode.swift; path = GCoresTalk.swift; sourceTree = "<group>"; };
		07AE5A0B274FD09900FF9649 /* TalkCardView.swift */ = {isa = PBXFileReference; lastKnownFileType = sourcecode.swift; path = TalkCardView.swift; sourceTree = "<group>"; };
		07AE5A0E2750B0A100FF9649 /* Lib.swift */ = {isa = PBXFileReference; lastKnownFileType = sourcecode.swift; path = Lib.swift; sourceTree = "<group>"; };
		07AE5A112750F6F300FF9649 /* TalkModelData.swift */ = {isa = PBXFileReference; lastKnownFileType = sourcecode.swift; path = TalkModelData.swift; sourceTree = "<group>"; };
		07EA77CE27819586000E4771 /* webview.swift */ = {isa = PBXFileReference; lastKnownFileType = sourcecode.swift; path = webview.swift; sourceTree = "<group>"; };
		07EE3C7E2762605500DC3A03 /* GCoresSearchResponse.swift */ = {isa = PBXFileReference; lastKnownFileType = sourcecode.swift; path = GCoresSearchResponse.swift; sourceTree = "<group>"; };
		07EE3C812762F87700DC3A03 /* SearchRersultsView.swift */ = {isa = PBXFileReference; lastKnownFileType = sourcecode.swift; path = SearchRersultsView.swift; sourceTree = "<group>"; };
		07EE3C8427631B5300DC3A03 /* NewTalkView.swift */ = {isa = PBXFileReference; lastKnownFileType = sourcecode.swift; path = NewTalkView.swift; sourceTree = "<group>"; };
		07FF7FF62767447A00674790 /* GCoresNotificationData.swift */ = {isa = PBXFileReference; lastKnownFileType = sourcecode.swift; path = GCoresNotificationData.swift; sourceTree = "<group>"; };
		07FF7FFA27676A9900674790 /* StatusNotificationView.swift */ = {isa = PBXFileReference; lastKnownFileType = sourcecode.swift; path = StatusNotificationView.swift; sourceTree = "<group>"; };
		07FF7FFD276987E200674790 /* GCoresConstant.swift */ = {isa = PBXFileReference; lastKnownFileType = sourcecode.swift; path = GCoresConstant.swift; sourceTree = "<group>"; };
/* End PBXFileReference section */

/* Begin PBXFrameworksBuildPhase section */
		07AE59EA274F5B0300FF9649 /* Frameworks */ = {
			isa = PBXFrameworksBuildPhase;
			buildActionMask = 2147483647;
			files = (
			);
			runOnlyForDeploymentPostprocessing = 0;
		};
		07AE59F0274F5B0300FF9649 /* Frameworks */ = {
			isa = PBXFrameworksBuildPhase;
			buildActionMask = 2147483647;
			files = (
			);
			runOnlyForDeploymentPostprocessing = 0;
		};
/* End PBXFrameworksBuildPhase section */

/* Begin PBXGroup section */
		075BC898275C80C600EAC204 /* Profile */ = {
			isa = PBXGroup;
			children = (
				075BC892275C6F0B00EAC204 /* ProfileView.swift */,
			);
			path = Profile;
			sourceTree = "<group>";
		};
		075BC8A6275F322100EAC204 /* Components */ = {
			isa = PBXGroup;
			children = (
				070DE89227608885008B3F08 /* NSWindow.swift */,
				07EE3C812762F87700DC3A03 /* SearchRersultsView.swift */,
				07A100FA2754750600D599D5 /* ComponentsView.swift */,
				07A100F8275474B900D599D5 /* ImageView.swift */,
				079D086C276DD0B8008D78EA /* BlurView.swift */,
			);
			path = Components;
			sourceTree = "<group>";
		};
		075BC8A7275F323F00EAC204 /* Talks */ = {
			isa = PBXGroup;
			children = (
				07A100F62754742B00D599D5 /* StatusTalksTimelineView.swift */,
				07AE5A0B274FD09900FF9649 /* TalkCardView.swift */,
				07EE3C8427631B5300DC3A03 /* NewTalkView.swift */,
			);
			path = Talks;
			sourceTree = "<group>";
		};
		075BC8A8275F326A00EAC204 /* Comments */ = {
			isa = PBXGroup;
			children = (
				071C492D2754D15A000D879B /* StatusCommentsView.swift */,
				070DE8952760890B008B3F08 /* NewCommentView.swift */,
			);
			path = Comments;
			sourceTree = "<group>";
		};
		075BC8A9275F328A00EAC204 /* Login */ = {
			isa = PBXGroup;
			children = (
				075BC889275B294D00EAC204 /* LoginView.swift */,
			);
			path = Login;
			sourceTree = "<group>";
		};
		075BC8AA275F329500EAC204 /* UserList */ = {
			isa = PBXGroup;
			children = (
				075BC8A0275CF04900EAC204 /* StatusUserListView.swift */,
			);
			path = UserList;
			sourceTree = "<group>";
		};
		0780F9152757977E0062F9B7 /* DataModel */ = {
			isa = PBXGroup;
			children = (
				07AE5A112750F6F300FF9649 /* TalkModelData.swift */,
				0780F916275797A60062F9B7 /* GCoresTalkData.swift */,
				0780F919275797FC0062F9B7 /* GCoresCommentData.swift */,
				0780F91C2757985C0062F9B7 /* GCoresData.swift */,
				0780F91F275798940062F9B7 /* GCoresTopicData.swift */,
				075BC88C275B5FA100EAC204 /* GCoresUserData.swift */,
				075BC89C275CD45900EAC204 /* GCoresFollowshipData.swift */,
				075BC8AB275F43EB00EAC204 /* GCoresVoteData.swift */,
				07EE3C7E2762605500DC3A03 /* GCoresSearchResponse.swift */,
				07FF7FF62767447A00674790 /* GCoresNotificationData.swift */,
			);
			path = DataModel;
			sourceTree = "<group>";
		};
		0780F92E275A537D0062F9B7 /* Topics */ = {
			isa = PBXGroup;
			children = (
				0780F92B275A385F0062F9B7 /* StatusTopicsView.swift */,
				0780F92F275A53AE0062F9B7 /* StatusTopicTimelineView.swift */,
			);
			path = Topics;
			sourceTree = "<group>";
		};
		07A100F5275473EB00D599D5 /* Views */ = {
			isa = PBXGroup;
			children = (
				07FF7FF927676A8800674790 /* Notification */,
				075BC8AA275F329500EAC204 /* UserList */,
				075BC8A9275F328A00EAC204 /* Login */,
				075BC8A8275F326A00EAC204 /* Comments */,
				075BC8A7275F323F00EAC204 /* Talks */,
				075BC8A6275F322100EAC204 /* Components */,
				075BC898275C80C600EAC204 /* Profile */,
				0780F92E275A537D0062F9B7 /* Topics */,
				075BC899275C83F400EAC204 /* ScenesView.swift */,
				075BC8A3275D16CA00EAC204 /* test.swift */,
				07EA77CE27819586000E4771 /* webview.swift */,
			);
			path = Views;
			sourceTree = "<group>";
		};
		07AE59DD274F5AFE00FF9649 = {
			isa = PBXGroup;
			children = (
				07A100F42753361600D599D5 /* GCoresTalk--macOS--Info.plist */,
				07AE59E2274F5AFE00FF9649 /* Shared */,
				07AE59F4274F5B0300FF9649 /* macOS */,
				07AE59EE274F5B0300FF9649 /* Products */,
			);
			sourceTree = "<group>";
		};
		07AE59E2274F5AFE00FF9649 /* Shared */ = {
			isa = PBXGroup;
			children = (
				0780F9152757977E0062F9B7 /* DataModel */,
				07AE59E5274F5AFF00FF9649 /* GCoresTalkApp.swift */,
				07AE59E6274F5AFF00FF9649 /* ContentView.swift */,
				07AE59E7274F5AFF00FF9649 /* Persistence.swift */,
				07AE59E8274F5B0300FF9649 /* Assets.xcassets */,
				07AE59E3274F5AFF00FF9649 /* GCoresTalk.xcdatamodeld */,
				07AE5A08274F5B7A00FF9649 /* GCoresTalk.swift */,
				07AE5A0E2750B0A100FF9649 /* Lib.swift */,
				071C492A2754C6CD000D879B /* PreviewData.swift */,
				071C49302755BB35000D879B /* ImageReader.swift */,
				0780F9222757E3A30062F9B7 /* ReadableScroller.swift */,
			);
			path = Shared;
			sourceTree = "<group>";
		};
		07AE59EE274F5B0300FF9649 /* Products */ = {
			isa = PBXGroup;
			children = (
				07AE59ED274F5B0300FF9649 /* GCoresTalk.app */,
				07AE59F3274F5B0300FF9649 /* GCoresTalk.app */,
			);
			name = Products;
			sourceTree = "<group>";
		};
		07AE59F4274F5B0300FF9649 /* macOS */ = {
			isa = PBXGroup;
			children = (
				07A100F5275473EB00D599D5 /* Views */,
				07AE59F5274F5B0300FF9649 /* macOS.entitlements */,
				07FF7FFD276987E200674790 /* GCoresConstant.swift */,
			);
			path = macOS;
			sourceTree = "<group>";
		};
		07FF7FF927676A8800674790 /* Notification */ = {
			isa = PBXGroup;
			children = (
				07FF7FFA27676A9900674790 /* StatusNotificationView.swift */,
			);
			path = Notification;
			sourceTree = "<group>";
		};
/* End PBXGroup section */

/* Begin PBXNativeTarget section */
		07AE59EC274F5B0300FF9649 /* GCoresTalk (iOS) */ = {
			isa = PBXNativeTarget;
			buildConfigurationList = 07AE5A02274F5B0300FF9649 /* Build configuration list for PBXNativeTarget "GCoresTalk (iOS)" */;
			buildPhases = (
				07AE59E9274F5B0300FF9649 /* Sources */,
				07AE59EA274F5B0300FF9649 /* Frameworks */,
				07AE59EB274F5B0300FF9649 /* Resources */,
			);
			buildRules = (
			);
			dependencies = (
			);
			name = "GCoresTalk (iOS)";
			productName = "GCoresTalk (iOS)";
			productReference = 07AE59ED274F5B0300FF9649 /* GCoresTalk.app */;
			productType = "com.apple.product-type.application";
		};
		07AE59F2274F5B0300FF9649 /* GCoresTalk (macOS) */ = {
			isa = PBXNativeTarget;
			buildConfigurationList = 07AE5A05274F5B0300FF9649 /* Build configuration list for PBXNativeTarget "GCoresTalk (macOS)" */;
			buildPhases = (
				07AE59EF274F5B0300FF9649 /* Sources */,
				07AE59F0274F5B0300FF9649 /* Frameworks */,
				07AE59F1274F5B0300FF9649 /* Resources */,
			);
			buildRules = (
			);
			dependencies = (
			);
			name = "GCoresTalk (macOS)";
			productName = "GCoresTalk (macOS)";
			productReference = 07AE59F3274F5B0300FF9649 /* GCoresTalk.app */;
			productType = "com.apple.product-type.application";
		};
/* End PBXNativeTarget section */

/* Begin PBXProject section */
		07AE59DE274F5AFE00FF9649 /* Project object */ = {
			isa = PBXProject;
			attributes = {
				BuildIndependentTargetsInParallel = 1;
				LastSwiftUpdateCheck = 1310;
				LastUpgradeCheck = 1320;
				TargetAttributes = {
					07AE59EC274F5B0300FF9649 = {
						CreatedOnToolsVersion = 13.1;
					};
					07AE59F2274F5B0300FF9649 = {
						CreatedOnToolsVersion = 13.1;
					};
				};
			};
			buildConfigurationList = 07AE59E1274F5AFE00FF9649 /* Build configuration list for PBXProject "GCoresTalk" */;
			compatibilityVersion = "Xcode 13.0";
			developmentRegion = en;
			hasScannedForEncodings = 0;
			knownRegions = (
				en,
				Base,
			);
			mainGroup = 07AE59DD274F5AFE00FF9649;
			productRefGroup = 07AE59EE274F5B0300FF9649 /* Products */;
			projectDirPath = "";
			projectRoot = "";
			targets = (
				07AE59EC274F5B0300FF9649 /* GCoresTalk (iOS) */,
				07AE59F2274F5B0300FF9649 /* GCoresTalk (macOS) */,
			);
		};
/* End PBXProject section */

/* Begin PBXResourcesBuildPhase section */
		07AE59EB274F5B0300FF9649 /* Resources */ = {
			isa = PBXResourcesBuildPhase;
			buildActionMask = 2147483647;
			files = (
				07AE59FE274F5B0300FF9649 /* Assets.xcassets in Resources */,
			);
			runOnlyForDeploymentPostprocessing = 0;
		};
		07AE59F1274F5B0300FF9649 /* Resources */ = {
			isa = PBXResourcesBuildPhase;
			buildActionMask = 2147483647;
			files = (
				07AE59FF274F5B0300FF9649 /* Assets.xcassets in Resources */,
			);
			runOnlyForDeploymentPostprocessing = 0;
		};
/* End PBXResourcesBuildPhase section */

/* Begin PBXSourcesBuildPhase section */
		07AE59E9274F5B0300FF9649 /* Sources */ = {
			isa = PBXSourcesBuildPhase;
			buildActionMask = 2147483647;
			files = (
				07FF7FFB27676A9900674790 /* StatusNotificationView.swift in Sources */,
				07EA77CF27819586000E4771 /* webview.swift in Sources */,
				071C49312755BB35000D879B /* ImageReader.swift in Sources */,
				075BC89D275CD45900EAC204 /* GCoresFollowshipData.swift in Sources */,
				0780F920275798940062F9B7 /* GCoresTopicData.swift in Sources */,
				07AE5A09274F5B7B00FF9649 /* GCoresTalk.swift in Sources */,
				0780F917275797A60062F9B7 /* GCoresTalkData.swift in Sources */,
				0780F9232757E3A30062F9B7 /* ReadableScroller.swift in Sources */,
				075BC89A275C83F400EAC204 /* ScenesView.swift in Sources */,
				0780F930275A53AE0062F9B7 /* StatusTopicTimelineView.swift in Sources */,
				075BC8A1275CF04900EAC204 /* StatusUserListView.swift in Sources */,
				07AE59F8274F5B0300FF9649 /* GCoresTalkApp.swift in Sources */,
				075BC8A4275D16CA00EAC204 /* test.swift in Sources */,
				07AE5A0F2750B0A100FF9649 /* Lib.swift in Sources */,
				07AE59FC274F5B0300FF9649 /* Persistence.swift in Sources */,
				071C492E2754D15A000D879B /* StatusCommentsView.swift in Sources */,
				0780F92C275A385F0062F9B7 /* StatusTopicsView.swift in Sources */,
				075BC8AC275F43EB00EAC204 /* GCoresVoteData.swift in Sources */,
				07AE59F6274F5B0300FF9649 /* GCoresTalk.xcdatamodeld in Sources */,
				07FF7FF72767447A00674790 /* GCoresNotificationData.swift in Sources */,
				07EE3C8527631B5300DC3A03 /* NewTalkView.swift in Sources */,
				070DE8962760890B008B3F08 /* NewCommentView.swift in Sources */,
				0780F91A275797FC0062F9B7 /* GCoresCommentData.swift in Sources */,
				071C492B2754C6CD000D879B /* PreviewData.swift in Sources */,
				075BC893275C6F0B00EAC204 /* ProfileView.swift in Sources */,
				07AE59FA274F5B0300FF9649 /* ContentView.swift in Sources */,
				0780F91D2757985C0062F9B7 /* GCoresData.swift in Sources */,
				07EE3C7F2762605500DC3A03 /* GCoresSearchResponse.swift in Sources */,
				07FF7FFE276987E300674790 /* GCoresConstant.swift in Sources */,
				075BC88A275B294D00EAC204 /* LoginView.swift in Sources */,
				075BC88D275B5FA100EAC204 /* GCoresUserData.swift in Sources */,
				07AE5A122750F6F400FF9649 /* TalkModelData.swift in Sources */,
			);
			runOnlyForDeploymentPostprocessing = 0;
		};
		07AE59EF274F5B0300FF9649 /* Sources */ = {
			isa = PBXSourcesBuildPhase;
			buildActionMask = 2147483647;
			files = (
				070DE8972760890B008B3F08 /* NewCommentView.swift in Sources */,
				071C49322755BB35000D879B /* ImageReader.swift in Sources */,
				075BC894275C6F0B00EAC204 /* ProfileView.swift in Sources */,
				07A100F9275474B900D599D5 /* ImageView.swift in Sources */,
				07AE5A0D274FD09A00FF9649 /* TalkCardView.swift in Sources */,
				075BC8A5275D16CA00EAC204 /* test.swift in Sources */,
				07EE3C802762605500DC3A03 /* GCoresSearchResponse.swift in Sources */,
				0780F931275A53AE0062F9B7 /* StatusTopicTimelineView.swift in Sources */,
				07A100F72754742C00D599D5 /* StatusTalksTimelineView.swift in Sources */,
				07FF7FFC27676A9900674790 /* StatusNotificationView.swift in Sources */,
				0780F91E2757985C0062F9B7 /* GCoresData.swift in Sources */,
				075BC88B275B294D00EAC204 /* LoginView.swift in Sources */,
				075BC89E275CD45A00EAC204 /* GCoresFollowshipData.swift in Sources */,
				0780F92D275A385F0062F9B7 /* StatusTopicsView.swift in Sources */,
				07FF7FFF276987E300674790 /* GCoresConstant.swift in Sources */,
				07AE5A0A274F5B7B00FF9649 /* GCoresTalk.swift in Sources */,
				07AE59F9274F5B0300FF9649 /* GCoresTalkApp.swift in Sources */,
				0780F91B275797FC0062F9B7 /* GCoresCommentData.swift in Sources */,
				07A100FB2754750600D599D5 /* ComponentsView.swift in Sources */,
				07FF7FF82767447A00674790 /* GCoresNotificationData.swift in Sources */,
				07AE5A102750B0A100FF9649 /* Lib.swift in Sources */,
				07AE59FD274F5B0300FF9649 /* Persistence.swift in Sources */,
				0780F918275797A60062F9B7 /* GCoresTalkData.swift in Sources */,
				075BC88E275B5FA100EAC204 /* GCoresUserData.swift in Sources */,
				07AE59F7274F5B0300FF9649 /* GCoresTalk.xcdatamodeld in Sources */,
				07EA77D027819586000E4771 /* webview.swift in Sources */,
				070DE89427608885008B3F08 /* NSWindow.swift in Sources */,
				07EE3C8627631B5300DC3A03 /* NewTalkView.swift in Sources */,
				071C492C2754C6CD000D879B /* PreviewData.swift in Sources */,
				0780F921275798940062F9B7 /* GCoresTopicData.swift in Sources */,
				075BC89B275C83F400EAC204 /* ScenesView.swift in Sources */,
				07AE59FB274F5B0300FF9649 /* ContentView.swift in Sources */,
				075BC8AD275F43EB00EAC204 /* GCoresVoteData.swift in Sources */,
				071C492F2754D15A000D879B /* StatusCommentsView.swift in Sources */,
				075BC8A2275CF04900EAC204 /* StatusUserListView.swift in Sources */,
				07AE5A132750F6F400FF9649 /* TalkModelData.swift in Sources */,
				079D086D276DD0B9008D78EA /* BlurView.swift in Sources */,
				07EE3C832762F87700DC3A03 /* SearchRersultsView.swift in Sources */,
				0780F9242757E3A30062F9B7 /* ReadableScroller.swift in Sources */,
			);
			runOnlyForDeploymentPostprocessing = 0;
		};
/* End PBXSourcesBuildPhase section */

/* Begin XCBuildConfiguration section */
		07AE5A00274F5B0300FF9649 /* Debug */ = {
			isa = XCBuildConfiguration;
			buildSettings = {
				ALWAYS_SEARCH_USER_PATHS = NO;
				ASSETCATALOG_COMPILER_INCLUDE_ALL_APPICON_ASSETS = YES;
				CLANG_ANALYZER_NONNULL = YES;
				CLANG_ANALYZER_NUMBER_OBJECT_CONVERSION = YES_AGGRESSIVE;
				CLANG_CXX_LANGUAGE_STANDARD = "gnu++17";
				CLANG_CXX_LIBRARY = "libc++";
				CLANG_ENABLE_MODULES = YES;
				CLANG_ENABLE_OBJC_ARC = YES;
				CLANG_ENABLE_OBJC_WEAK = YES;
				CLANG_WARN_BLOCK_CAPTURE_AUTORELEASING = YES;
				CLANG_WARN_BOOL_CONVERSION = YES;
				CLANG_WARN_COMMA = YES;
				CLANG_WARN_CONSTANT_CONVERSION = YES;
				CLANG_WARN_DEPRECATED_OBJC_IMPLEMENTATIONS = YES;
				CLANG_WARN_DIRECT_OBJC_ISA_USAGE = YES_ERROR;
				CLANG_WARN_DOCUMENTATION_COMMENTS = YES;
				CLANG_WARN_EMPTY_BODY = YES;
				CLANG_WARN_ENUM_CONVERSION = YES;
				CLANG_WARN_INFINITE_RECURSION = YES;
				CLANG_WARN_INT_CONVERSION = YES;
				CLANG_WARN_NON_LITERAL_NULL_CONVERSION = YES;
				CLANG_WARN_OBJC_IMPLICIT_RETAIN_SELF = YES;
				CLANG_WARN_OBJC_LITERAL_CONVERSION = YES;
				CLANG_WARN_OBJC_ROOT_CLASS = YES_ERROR;
				CLANG_WARN_QUOTED_INCLUDE_IN_FRAMEWORK_HEADER = YES;
				CLANG_WARN_RANGE_LOOP_ANALYSIS = YES;
				CLANG_WARN_STRICT_PROTOTYPES = YES;
				CLANG_WARN_SUSPICIOUS_MOVE = YES;
				CLANG_WARN_UNGUARDED_AVAILABILITY = YES_AGGRESSIVE;
				CLANG_WARN_UNREACHABLE_CODE = YES;
				CLANG_WARN__DUPLICATE_METHOD_MATCH = YES;
				COPY_PHASE_STRIP = NO;
				DEBUG_INFORMATION_FORMAT = dwarf;
				ENABLE_STRICT_OBJC_MSGSEND = YES;
				ENABLE_TESTABILITY = YES;
				GCC_C_LANGUAGE_STANDARD = gnu11;
				GCC_DYNAMIC_NO_PIC = NO;
				GCC_NO_COMMON_BLOCKS = YES;
				GCC_OPTIMIZATION_LEVEL = 0;
				GCC_PREPROCESSOR_DEFINITIONS = (
					"DEBUG=1",
					"$(inherited)",
				);
				GCC_WARN_64_TO_32_BIT_CONVERSION = YES;
				GCC_WARN_ABOUT_RETURN_TYPE = YES_ERROR;
				GCC_WARN_UNDECLARED_SELECTOR = YES;
				GCC_WARN_UNINITIALIZED_AUTOS = YES_AGGRESSIVE;
				GCC_WARN_UNUSED_FUNCTION = YES;
				GCC_WARN_UNUSED_VARIABLE = YES;
				MTL_ENABLE_DEBUG_INFO = INCLUDE_SOURCE;
				MTL_FAST_MATH = YES;
				ONLY_ACTIVE_ARCH = YES;
				SWIFT_ACTIVE_COMPILATION_CONDITIONS = DEBUG;
				SWIFT_OPTIMIZATION_LEVEL = "-Onone";
			};
			name = Debug;
		};
		07AE5A01274F5B0300FF9649 /* Release */ = {
			isa = XCBuildConfiguration;
			buildSettings = {
				ALWAYS_SEARCH_USER_PATHS = NO;
				ASSETCATALOG_COMPILER_INCLUDE_ALL_APPICON_ASSETS = YES;
				CLANG_ANALYZER_NONNULL = YES;
				CLANG_ANALYZER_NUMBER_OBJECT_CONVERSION = YES_AGGRESSIVE;
				CLANG_CXX_LANGUAGE_STANDARD = "gnu++17";
				CLANG_CXX_LIBRARY = "libc++";
				CLANG_ENABLE_MODULES = YES;
				CLANG_ENABLE_OBJC_ARC = YES;
				CLANG_ENABLE_OBJC_WEAK = YES;
				CLANG_WARN_BLOCK_CAPTURE_AUTORELEASING = YES;
				CLANG_WARN_BOOL_CONVERSION = YES;
				CLANG_WARN_COMMA = YES;
				CLANG_WARN_CONSTANT_CONVERSION = YES;
				CLANG_WARN_DEPRECATED_OBJC_IMPLEMENTATIONS = YES;
				CLANG_WARN_DIRECT_OBJC_ISA_USAGE = YES_ERROR;
				CLANG_WARN_DOCUMENTATION_COMMENTS = YES;
				CLANG_WARN_EMPTY_BODY = YES;
				CLANG_WARN_ENUM_CONVERSION = YES;
				CLANG_WARN_INFINITE_RECURSION = YES;
				CLANG_WARN_INT_CONVERSION = YES;
				CLANG_WARN_NON_LITERAL_NULL_CONVERSION = YES;
				CLANG_WARN_OBJC_IMPLICIT_RETAIN_SELF = YES;
				CLANG_WARN_OBJC_LITERAL_CONVERSION = YES;
				CLANG_WARN_OBJC_ROOT_CLASS = YES_ERROR;
				CLANG_WARN_QUOTED_INCLUDE_IN_FRAMEWORK_HEADER = YES;
				CLANG_WARN_RANGE_LOOP_ANALYSIS = YES;
				CLANG_WARN_STRICT_PROTOTYPES = YES;
				CLANG_WARN_SUSPICIOUS_MOVE = YES;
				CLANG_WARN_UNGUARDED_AVAILABILITY = YES_AGGRESSIVE;
				CLANG_WARN_UNREACHABLE_CODE = YES;
				CLANG_WARN__DUPLICATE_METHOD_MATCH = YES;
				COPY_PHASE_STRIP = NO;
				DEBUG_INFORMATION_FORMAT = "dwarf-with-dsym";
				ENABLE_NS_ASSERTIONS = NO;
				ENABLE_STRICT_OBJC_MSGSEND = YES;
				GCC_C_LANGUAGE_STANDARD = gnu11;
				GCC_NO_COMMON_BLOCKS = YES;
				GCC_WARN_64_TO_32_BIT_CONVERSION = YES;
				GCC_WARN_ABOUT_RETURN_TYPE = YES_ERROR;
				GCC_WARN_UNDECLARED_SELECTOR = YES;
				GCC_WARN_UNINITIALIZED_AUTOS = YES_AGGRESSIVE;
				GCC_WARN_UNUSED_FUNCTION = YES;
				GCC_WARN_UNUSED_VARIABLE = YES;
				MTL_ENABLE_DEBUG_INFO = NO;
				MTL_FAST_MATH = YES;
				SWIFT_COMPILATION_MODE = wholemodule;
				SWIFT_OPTIMIZATION_LEVEL = "-O";
			};
			name = Release;
		};
		07AE5A03274F5B0300FF9649 /* Debug */ = {
			isa = XCBuildConfiguration;
			buildSettings = {
				ASSETCATALOG_COMPILER_APPICON_NAME = AppIcon;
				ASSETCATALOG_COMPILER_GLOBAL_ACCENT_COLOR_NAME = AccentColor;
				CODE_SIGN_STYLE = Automatic;
				CURRENT_PROJECT_VERSION = 1;
				DEVELOPMENT_TEAM = 65B8CU243A;
				ENABLE_PREVIEWS = YES;
				GENERATE_INFOPLIST_FILE = YES;
				INFOPLIST_KEY_UIApplicationSceneManifest_Generation = YES;
				INFOPLIST_KEY_UIApplicationSupportsIndirectInputEvents = YES;
				INFOPLIST_KEY_UILaunchScreen_Generation = YES;
				INFOPLIST_KEY_UISupportedInterfaceOrientations_iPad = "UIInterfaceOrientationPortrait UIInterfaceOrientationPortraitUpsideDown UIInterfaceOrientationLandscapeLeft UIInterfaceOrientationLandscapeRight";
				INFOPLIST_KEY_UISupportedInterfaceOrientations_iPhone = "UIInterfaceOrientationPortrait UIInterfaceOrientationLandscapeLeft UIInterfaceOrientationLandscapeRight";
				IPHONEOS_DEPLOYMENT_TARGET = 15.0;
				LD_RUNPATH_SEARCH_PATHS = (
					"$(inherited)",
					"@executable_path/Frameworks",
				);
				MARKETING_VERSION = 1.0;
				PRODUCT_BUNDLE_IDENTIFIER = com.catbaron.GCoresTalk;
				PRODUCT_NAME = GCoresTalk;
				SDKROOT = iphoneos;
				SWIFT_EMIT_LOC_STRINGS = YES;
				SWIFT_VERSION = 5.0;
				TARGETED_DEVICE_FAMILY = "1,2";
			};
			name = Debug;
		};
		07AE5A04274F5B0300FF9649 /* Release */ = {
			isa = XCBuildConfiguration;
			buildSettings = {
				ASSETCATALOG_COMPILER_APPICON_NAME = AppIcon;
				ASSETCATALOG_COMPILER_GLOBAL_ACCENT_COLOR_NAME = AccentColor;
				CODE_SIGN_STYLE = Automatic;
				CURRENT_PROJECT_VERSION = 1;
				DEVELOPMENT_TEAM = 65B8CU243A;
				ENABLE_PREVIEWS = YES;
				GENERATE_INFOPLIST_FILE = YES;
				INFOPLIST_KEY_UIApplicationSceneManifest_Generation = YES;
				INFOPLIST_KEY_UIApplicationSupportsIndirectInputEvents = YES;
				INFOPLIST_KEY_UILaunchScreen_Generation = YES;
				INFOPLIST_KEY_UISupportedInterfaceOrientations_iPad = "UIInterfaceOrientationPortrait UIInterfaceOrientationPortraitUpsideDown UIInterfaceOrientationLandscapeLeft UIInterfaceOrientationLandscapeRight";
				INFOPLIST_KEY_UISupportedInterfaceOrientations_iPhone = "UIInterfaceOrientationPortrait UIInterfaceOrientationLandscapeLeft UIInterfaceOrientationLandscapeRight";
				IPHONEOS_DEPLOYMENT_TARGET = 15.0;
				LD_RUNPATH_SEARCH_PATHS = (
					"$(inherited)",
					"@executable_path/Frameworks",
				);
				MARKETING_VERSION = 1.0;
				PRODUCT_BUNDLE_IDENTIFIER = com.catbaron.GCoresTalk;
				PRODUCT_NAME = GCoresTalk;
				SDKROOT = iphoneos;
				SWIFT_EMIT_LOC_STRINGS = YES;
				SWIFT_VERSION = 5.0;
				TARGETED_DEVICE_FAMILY = "1,2";
				VALIDATE_PRODUCT = YES;
			};
			name = Release;
		};
		07AE5A06274F5B0300FF9649 /* Debug */ = {
			isa = XCBuildConfiguration;
			buildSettings = {
				ASSETCATALOG_COMPILER_APPICON_NAME = AppIcon;
				ASSETCATALOG_COMPILER_INCLUDE_ALL_APPICON_ASSETS = YES;
				CODE_SIGN_ENTITLEMENTS = macOS/macOS.entitlements;
				CODE_SIGN_IDENTITY = "-";
				CODE_SIGN_STYLE = Automatic;
				COMBINE_HIDPI_IMAGES = YES;
				CURRENT_PROJECT_VERSION = 1;
				DEVELOPMENT_TEAM = 65B8CU243A;
				ENABLE_HARDENED_RUNTIME = YES;
				ENABLE_PREVIEWS = YES;
				GENERATE_INFOPLIST_FILE = YES;
				INFOPLIST_FILE = "GCoresTalk--macOS--Info.plist";
				INFOPLIST_KEY_NSHumanReadableCopyright = "";
				INFOPLIST_KEY_UISupportedInterfaceOrientations_iPad = "";
				LD_RUNPATH_SEARCH_PATHS = (
					"$(inherited)",
					"@executable_path/../Frameworks",
				);
				MACOSX_DEPLOYMENT_TARGET = 12.0;
				MARKETING_VERSION = 1.0;
				PRODUCT_BUNDLE_IDENTIFIER = com.catbaron.GCoresTalk;
				PRODUCT_NAME = GCoresTalk;
				SDKROOT = macosx;
				SWIFT_EMIT_LOC_STRINGS = YES;
				SWIFT_VERSION = 5.0;
			};
			name = Debug;
		};
		07AE5A07274F5B0300FF9649 /* Release */ = {
			isa = XCBuildConfiguration;
			buildSettings = {
				ASSETCATALOG_COMPILER_APPICON_NAME = AppIcon;
				ASSETCATALOG_COMPILER_INCLUDE_ALL_APPICON_ASSETS = YES;
				CODE_SIGN_ENTITLEMENTS = macOS/macOS.entitlements;
				CODE_SIGN_IDENTITY = "-";
				CODE_SIGN_STYLE = Automatic;
				COMBINE_HIDPI_IMAGES = YES;
				CURRENT_PROJECT_VERSION = 1;
				DEVELOPMENT_TEAM = 65B8CU243A;
				ENABLE_HARDENED_RUNTIME = YES;
				ENABLE_PREVIEWS = YES;
				GENERATE_INFOPLIST_FILE = YES;
				INFOPLIST_FILE = "GCoresTalk--macOS--Info.plist";
				INFOPLIST_KEY_NSHumanReadableCopyright = "";
				INFOPLIST_KEY_UISupportedInterfaceOrientations_iPad = "";
				LD_RUNPATH_SEARCH_PATHS = (
					"$(inherited)",
					"@executable_path/../Frameworks",
				);
				MACOSX_DEPLOYMENT_TARGET = 12.0;
				MARKETING_VERSION = 1.0;
				PRODUCT_BUNDLE_IDENTIFIER = com.catbaron.GCoresTalk;
				PRODUCT_NAME = GCoresTalk;
				SDKROOT = macosx;
				SWIFT_EMIT_LOC_STRINGS = YES;
				SWIFT_VERSION = 5.0;
			};
			name = Release;
		};
/* End XCBuildConfiguration section */

/* Begin XCConfigurationList section */
		07AE59E1274F5AFE00FF9649 /* Build configuration list for PBXProject "GCoresTalk" */ = {
			isa = XCConfigurationList;
			buildConfigurations = (
				07AE5A00274F5B0300FF9649 /* Debug */,
				07AE5A01274F5B0300FF9649 /* Release */,
			);
			defaultConfigurationIsVisible = 0;
			defaultConfigurationName = Release;
		};
		07AE5A02274F5B0300FF9649 /* Build configuration list for PBXNativeTarget "GCoresTalk (iOS)" */ = {
			isa = XCConfigurationList;
			buildConfigurations = (
				07AE5A03274F5B0300FF9649 /* Debug */,
				07AE5A04274F5B0300FF9649 /* Release */,
			);
			defaultConfigurationIsVisible = 0;
			defaultConfigurationName = Release;
		};
		07AE5A05274F5B0300FF9649 /* Build configuration list for PBXNativeTarget "GCoresTalk (macOS)" */ = {
			isa = XCConfigurationList;
			buildConfigurations = (
				07AE5A06274F5B0300FF9649 /* Debug */,
				07AE5A07274F5B0300FF9649 /* Release */,
			);
			defaultConfigurationIsVisible = 0;
			defaultConfigurationName = Release;
		};
/* End XCConfigurationList section */

/* Begin XCVersionGroup section */
		07AE59E3274F5AFF00FF9649 /* GCoresTalk.xcdatamodeld */ = {
			isa = XCVersionGroup;
			children = (
				07AE59E4274F5AFF00FF9649 /* Shared.xcdatamodel */,
			);
			currentVersion = 07AE59E4274F5AFF00FF9649 /* Shared.xcdatamodel */;
			path = GCoresTalk.xcdatamodeld;
			sourceTree = "<group>";
			versionGroupType = wrapper.xcdatamodel;
		};
/* End XCVersionGroup section */
	};
	rootObject = 07AE59DE274F5AFE00FF9649 /* Project object */;
}
